
Microsoft Visual Studio Solution File, Format Version 12.00
# Visual Studio Version 17
VisualStudioVersion = 17.4.33110.190
MinimumVisualStudioVersion = 10.0.40219.1
Project("{FAE04EC0-301F-11D3-BF4B-00C04F79EFBC}") = "DiziUygulama3", "DiziUygulama3\DiziUygulama3.csproj", "{B90F6A5B-EB05-4848-A9E3-64394F15A8A2}"
EndProject
Global
	GlobalSection(SolutionConfigurationPlatforms) = preSolution
		Debug|Any CPU = Debug|Any CPU
		Release|Any CPU = Release|Any CPU
	EndGlobalSection
	GlobalSection(ProjectConfigurationPlatforms) = postSolution
		{B90F6A5B-EB05-4848-A9E3-64394F15A8A2}.Debug|Any CPU.ActiveCfg = Debug|Any CPU
		{B90F6A5B-EB05-4848-A9E3-64394F15A8A2}.Debug|Any CPU.Build.0 = Debug|Any CPU
		{B90F6A5B-EB05-4848-A9E3-64394F15A8A2}.Release|Any CPU.ActiveCfg = Release|Any CPU
		{B90F6A5B-EB05-4848-A9E3-64394F15A8A2}.Release|Any CPU.Build.0 = Release|Any CPU
	EndGlobalSection
	GlobalSection(SolutionProperties) = preSolution
		HideSolutionNode = FALSE
	EndGlobalSection
	GlobalSection(ExtensibilityGlobals) = postSolution
		SolutionGuid = {5B21ECF3-5149-44CA-B74F-785D45209FDB}
	EndGlobalSection
EndGlobal
